# THIS IS AN AUTOGENERATED FILE. DO NOT EDIT THIS FILE DIRECTLY.
# yarn lockfile v1


jacob@^1.0.5:
  version "1.0.5"
  resolved "https://registry.yarnpkg.com/jacob/-/jacob-1.0.5.tgz#b0d6ce2a77f076ced8d987926ea18139a48659ed"
  integrity sha1-sNbOKnfwds7Y2YeSbqGBOaSGWe0=
  dependencies:
    junq "^1.0.1"
    minimist "^1.1.0"

junq@^1.0.1:
  version "1.0.2"
  resolved "https://registry.yarnpkg.com/junq/-/junq-1.0.2.tgz#111cfbf5d7e48f3fc2e86ebe46c40319aa124de3"
  integrity sha1-ERz79dfkjz/C6G6+RsQDGaoSTeM=

minimist@^1.1.0:
  version "1.2.5"
  resolved "https://registry.yarnpkg.com/minimist/-/minimist-1.2.5.tgz#67d66014b66a6a8aaa0c083c5fd58df4e4e97602"
  integrity sha512-FM9nNUYrRBAELZQT3xeZQ7fmMOBg6nWNmJKTcgsJeaLstP/UODVpGsr5OhXhhXg6f+qtJ8uiZ+PUxkDWcgIXLw==
